
Microsoft Visual Studio Solution File, Format Version 12.00
# Visual Studio 15
VisualStudioVersion = 15.0.28010.2026
MinimumVisualStudioVersion = 10.0.40219.1
Project("{FAE04EC0-301F-11D3-BF4B-00C04F79EFBC}") = "P2Space", "P2Space\P2Space.csproj", "{3EE23993-7B33-4415-857A-38F7A5F3D33E}"
EndProject
Global
	GlobalSection(SolutionConfigurationPlatforms) = preSolution
		Debug|Any CPU = Debug|Any CPU
		Release|Any CPU = Release|Any CPU
	EndGlobalSection
	GlobalSection(ProjectConfigurationPlatforms) = postSolution
		{3EE23993-7B33-4415-857A-38F7A5F3D33E}.Debug|Any CPU.ActiveCfg = Debug|Any CPU
		{3EE23993-7B33-4415-857A-38F7A5F3D33E}.Debug|Any CPU.Build.0 = Debug|Any CPU
		{3EE23993-7B33-4415-857A-38F7A5F3D33E}.Release|Any CPU.ActiveCfg = Release|Any CPU
		{3EE23993-7B33-4415-857A-38F7A5F3D33E}.Release|Any CPU.Build.0 = Release|Any CPU
	EndGlobalSection
	GlobalSection(SolutionProperties) = preSolution
		HideSolutionNode = FALSE
	EndGlobalSection
	GlobalSection(ExtensibilityGlobals) = postSolution
		SolutionGuid = {D7F8278D-26C0-4776-871C-2ADBCFC7E917}
	EndGlobalSection
EndGlobal
